
Microsoft Visual Studio Solution File, Format Version 12.00
# Visual Studio Version 16
VisualStudioVersion = 16.0.31019.35
MinimumVisualStudioVersion = 10.0.40219.1
Project("{9A19103F-16F7-4668-BE54-9A1E7A4F7556}") = "DepartmentStore.API", "DepartmentStore.API\DepartmentStore.API.csproj", "{78578B02-E46B-4992-ABAB-40874AC760DD}"
EndProject
Global
	GlobalSection(SolutionConfigurationPlatforms) = preSolution
		Debug|Any CPU = Debug|Any CPU
		Release|Any CPU = Release|Any CPU
	EndGlobalSection
	GlobalSection(ProjectConfigurationPlatforms) = postSolution
		{78578B02-E46B-4992-ABAB-40874AC760DD}.Debug|Any CPU.ActiveCfg = Debug|Any CPU
		{78578B02-E46B-4992-ABAB-40874AC760DD}.Debug|Any CPU.Build.0 = Debug|Any CPU
		{78578B02-E46B-4992-ABAB-40874AC760DD}.Release|Any CPU.ActiveCfg = Release|Any CPU
		{78578B02-E46B-4992-ABAB-40874AC760DD}.Release|Any CPU.Build.0 = Release|Any CPU
	EndGlobalSection
	GlobalSection(SolutionProperties) = preSolution
		HideSolutionNode = FALSE
	EndGlobalSection
	GlobalSection(ExtensibilityGlobals) = postSolution
		SolutionGuid = {EEDDAB84-D4C4-419F-B933-7B851742DA91}
	EndGlobalSection
EndGlobal
